
Microsoft Visual Studio Solution File, Format Version 12.00
# Visual Studio Version 17
VisualStudioVersion = 17.13.35828.75 d17.13
MinimumVisualStudioVersion = 10.0.40219.1
Project("{FAE04EC0-301F-11D3-BF4B-00C04F79EFBC}") = "BT_XL_IMG", "BT_XL_IMG.csproj", "{BD0DD163-533C-4321-A410-6E92A5129666}"
EndProject
Global
	GlobalSection(SolutionConfigurationPlatforms) = preSolution
		Debug|Any CPU = Debug|Any CPU
		Release|Any CPU = Release|Any CPU
	EndGlobalSection
	GlobalSection(ProjectConfigurationPlatforms) = postSolution
		{BD0DD163-533C-4321-A410-6E92A5129666}.Debug|Any CPU.ActiveCfg = Debug|Any CPU
		{BD0DD163-533C-4321-A410-6E92A5129666}.Debug|Any CPU.Build.0 = Debug|Any CPU
		{BD0DD163-533C-4321-A410-6E92A5129666}.Release|Any CPU.ActiveCfg = Release|Any CPU
		{BD0DD163-533C-4321-A410-6E92A5129666}.Release|Any CPU.Build.0 = Release|Any CPU
	EndGlobalSection
	GlobalSection(SolutionProperties) = preSolution
		HideSolutionNode = FALSE
	EndGlobalSection
	GlobalSection(ExtensibilityGlobals) = postSolution
		SolutionGuid = {0FE563A5-0346-4B25-84A6-80D3990B056C}
	EndGlobalSection
EndGlobal
